
Microsoft Visual Studio Solution File, Format Version 12.00
# Visual Studio Version 16
VisualStudioVersion = 16.0.31829.152
MinimumVisualStudioVersion = 10.0.40219.1
Project("{FAE04EC0-301F-11D3-BF4B-00C04F79EFBC}") = "TestAufgabe", "TestAufgabe\TestAufgabe.csproj", "{0D2A3A50-3ADA-473D-ACF0-7AEB1E913080}"
EndProject
Global
	GlobalSection(SolutionConfigurationPlatforms) = preSolution
		Debug|Any CPU = Debug|Any CPU
		Release|Any CPU = Release|Any CPU
	EndGlobalSection
	GlobalSection(ProjectConfigurationPlatforms) = postSolution
		{0D2A3A50-3ADA-473D-ACF0-7AEB1E913080}.Debug|Any CPU.ActiveCfg = Debug|Any CPU
		{0D2A3A50-3ADA-473D-ACF0-7AEB1E913080}.Debug|Any CPU.Build.0 = Debug|Any CPU
		{0D2A3A50-3ADA-473D-ACF0-7AEB1E913080}.Release|Any CPU.ActiveCfg = Release|Any CPU
		{0D2A3A50-3ADA-473D-ACF0-7AEB1E913080}.Release|Any CPU.Build.0 = Release|Any CPU
	EndGlobalSection
	GlobalSection(SolutionProperties) = preSolution
		HideSolutionNode = FALSE
	EndGlobalSection
	GlobalSection(ExtensibilityGlobals) = postSolution
		SolutionGuid = {FCB0551C-1D0B-4CFD-ADAB-3653770B5AD3}
	EndGlobalSection
EndGlobal
